
Microsoft Visual Studio Solution File, Format Version 12.00
# Visual Studio Version 17
VisualStudioVersion = 17.0.31423.177
MinimumVisualStudioVersion = 10.0.40219.1
Project("{9A19103F-16F7-4668-BE54-9A1E7A4F7556}") = "Shell.Core", "Shell.Core\Shell.Core.csproj", "{8DAD5588-488C-4F80-9338-230F21477CF6}"
EndProject
Project("{9A19103F-16F7-4668-BE54-9A1E7A4F7556}") = "Shell.Compiler", "Shell.Compiler\Shell.Compiler.csproj", "{2BDAADEA-7AFD-4F6D-B3E4-FAA8C5FA9F61}"
EndProject
Project("{9A19103F-16F7-4668-BE54-9A1E7A4F7556}") = "Shell.Runtime", "Shell.Runtime\Shell.Runtime.csproj", "{E8203162-BB09-476D-A1DE-8A120420CE19}"
EndProject
Project("{FAE04EC0-301F-11D3-BF4B-00C04F79EFBC}") = "Shell.Client", "Shell.Client\Shell.Client.csproj", "{26455318-B792-4434-8036-EC31A542605E}"
EndProject
Global
	GlobalSection(SolutionConfigurationPlatforms) = preSolution
		Debug|Any CPU = Debug|Any CPU
		Debug|ARM = Debug|ARM
		Debug|ARM64 = Debug|ARM64
		Debug|x64 = Debug|x64
		Debug|x86 = Debug|x86
		Release|Any CPU = Release|Any CPU
		Release|ARM = Release|ARM
		Release|ARM64 = Release|ARM64
		Release|x64 = Release|x64
		Release|x86 = Release|x86
	EndGlobalSection
	GlobalSection(ProjectConfigurationPlatforms) = postSolution
		{8DAD5588-488C-4F80-9338-230F21477CF6}.Debug|Any CPU.ActiveCfg = Debug|Any CPU
		{8DAD5588-488C-4F80-9338-230F21477CF6}.Debug|Any CPU.Build.0 = Debug|Any CPU
		{8DAD5588-488C-4F80-9338-230F21477CF6}.Debug|ARM.ActiveCfg = Debug|Any CPU
		{8DAD5588-488C-4F80-9338-230F21477CF6}.Debug|ARM.Build.0 = Debug|Any CPU
		{8DAD5588-488C-4F80-9338-230F21477CF6}.Debug|ARM64.ActiveCfg = Debug|Any CPU
		{8DAD5588-488C-4F80-9338-230F21477CF6}.Debug|ARM64.Build.0 = Debug|Any CPU
		{8DAD5588-488C-4F80-9338-230F21477CF6}.Debug|x64.ActiveCfg = Debug|Any CPU
		{8DAD5588-488C-4F80-9338-230F21477CF6}.Debug|x64.Build.0 = Debug|Any CPU
		{8DAD5588-488C-4F80-9338-230F21477CF6}.Debug|x86.ActiveCfg = Debug|Any CPU
		{8DAD5588-488C-4F80-9338-230F21477CF6}.Debug|x86.Build.0 = Debug|Any CPU
		{8DAD5588-488C-4F80-9338-230F21477CF6}.Release|Any CPU.ActiveCfg = Release|Any CPU
		{8DAD5588-488C-4F80-9338-230F21477CF6}.Release|Any CPU.Build.0 = Release|Any CPU
		{8DAD5588-488C-4F80-9338-230F21477CF6}.Release|ARM.ActiveCfg = Release|Any CPU
		{8DAD5588-488C-4F80-9338-230F21477CF6}.Release|ARM.Build.0 = Release|Any CPU
		{8DAD5588-488C-4F80-9338-230F21477CF6}.Release|ARM64.ActiveCfg = Release|Any CPU
		{8DAD5588-488C-4F80-9338-230F21477CF6}.Release|ARM64.Build.0 = Release|Any CPU
		{8DAD5588-488C-4F80-9338-230F21477CF6}.Release|x64.ActiveCfg = Release|Any CPU
		{8DAD5588-488C-4F80-9338-230F21477CF6}.Release|x64.Build.0 = Release|Any CPU
		{8DAD5588-488C-4F80-9338-230F21477CF6}.Release|x86.ActiveCfg = Release|Any CPU
		{8DAD5588-488C-4F80-9338-230F21477CF6}.Release|x86.Build.0 = Release|Any CPU
		{2BDAADEA-7AFD-4F6D-B3E4-FAA8C5FA9F61}.Debug|Any CPU.ActiveCfg = Debug|Any CPU
		{2BDAADEA-7AFD-4F6D-B3E4-FAA8C5FA9F61}.Debug|Any CPU.Build.0 = Debug|Any CPU
		{2BDAADEA-7AFD-4F6D-B3E4-FAA8C5FA9F61}.Debug|ARM.ActiveCfg = Debug|Any CPU
		{2BDAADEA-7AFD-4F6D-B3E4-FAA8C5FA9F61}.Debug|ARM.Build.0 = Debug|Any CPU
		{2BDAADEA-7AFD-4F6D-B3E4-FAA8C5FA9F61}.Debug|ARM64.ActiveCfg = Debug|Any CPU
		{2BDAADEA-7AFD-4F6D-B3E4-FAA8C5FA9F61}.Debug|ARM64.Build.0 = Debug|Any CPU
		{2BDAADEA-7AFD-4F6D-B3E4-FAA8C5FA9F61}.Debug|x64.ActiveCfg = Debug|Any CPU
		{2BDAADEA-7AFD-4F6D-B3E4-FAA8C5FA9F61}.Debug|x64.Build.0 = Debug|Any CPU
		{2BDAADEA-7AFD-4F6D-B3E4-FAA8C5FA9F61}.Debug|x86.ActiveCfg = Debug|Any CPU
		{2BDAADEA-7AFD-4F6D-B3E4-FAA8C5FA9F61}.Debug|x86.Build.0 = Debug|Any CPU
		{2BDAADEA-7AFD-4F6D-B3E4-FAA8C5FA9F61}.Release|Any CPU.ActiveCfg = Release|Any CPU
		{2BDAADEA-7AFD-4F6D-B3E4-FAA8C5FA9F61}.Release|Any CPU.Build.0 = Release|Any CPU
		{2BDAADEA-7AFD-4F6D-B3E4-FAA8C5FA9F61}.Release|ARM.ActiveCfg = Release|Any CPU
		{2BDAADEA-7AFD-4F6D-B3E4-FAA8C5FA9F61}.Release|ARM.Build.0 = Release|Any CPU
		{2BDAADEA-7AFD-4F6D-B3E4-FAA8C5FA9F61}.Release|ARM64.ActiveCfg = Release|Any CPU
		{2BDAADEA-7AFD-4F6D-B3E4-FAA8C5FA9F61}.Release|ARM64.Build.0 = Release|Any CPU
		{2BDAADEA-7AFD-4F6D-B3E4-FAA8C5FA9F61}.Release|x64.ActiveCfg = Release|Any CPU
		{2BDAADEA-7AFD-4F6D-B3E4-FAA8C5FA9F61}.Release|x64.Build.0 = Release|Any CPU
		{2BDAADEA-7AFD-4F6D-B3E4-FAA8C5FA9F61}.Release|x86.ActiveCfg = Release|Any CPU
		{2BDAADEA-7AFD-4F6D-B3E4-FAA8C5FA9F61}.Release|x86.Build.0 = Release|Any CPU
		{E8203162-BB09-476D-A1DE-8A120420CE19}.Debug|Any CPU.ActiveCfg = Debug|Any CPU
		{E8203162-BB09-476D-A1DE-8A120420CE19}.Debug|Any CPU.Build.0 = Debug|Any CPU
		{E8203162-BB09-476D-A1DE-8A120420CE19}.Debug|ARM.ActiveCfg = Debug|Any CPU
		{E8203162-BB09-476D-A1DE-8A120420CE19}.Debug|ARM.Build.0 = Debug|Any CPU
		{E8203162-BB09-476D-A1DE-8A120420CE19}.Debug|ARM64.ActiveCfg = Debug|Any CPU
		{E8203162-BB09-476D-A1DE-8A120420CE19}.Debug|ARM64.Build.0 = Debug|Any CPU
		{E8203162-BB09-476D-A1DE-8A120420CE19}.Debug|x64.ActiveCfg = Debug|Any CPU
		{E8203162-BB09-476D-A1DE-8A120420CE19}.Debug|x64.Build.0 = Debug|Any CPU
		{E8203162-BB09-476D-A1DE-8A120420CE19}.Debug|x86.ActiveCfg = Debug|Any CPU
		{E8203162-BB09-476D-A1DE-8A120420CE19}.Debug|x86.Build.0 = Debug|Any CPU
		{E8203162-BB09-476D-A1DE-8A120420CE19}.Release|Any CPU.ActiveCfg = Release|Any CPU
		{E8203162-BB09-476D-A1DE-8A120420CE19}.Release|Any CPU.Build.0 = Release|Any CPU
		{E8203162-BB09-476D-A1DE-8A120420CE19}.Release|ARM.ActiveCfg = Release|Any CPU
		{E8203162-BB09-476D-A1DE-8A120420CE19}.Release|ARM.Build.0 = Release|Any CPU
		{E8203162-BB09-476D-A1DE-8A120420CE19}.Release|ARM64.ActiveCfg = Release|Any CPU
		{E8203162-BB09-476D-A1DE-8A120420CE19}.Release|ARM64.Build.0 = Release|Any CPU
		{E8203162-BB09-476D-A1DE-8A120420CE19}.Release|x64.ActiveCfg = Release|Any CPU
		{E8203162-BB09-476D-A1DE-8A120420CE19}.Release|x64.Build.0 = Release|Any CPU
		{E8203162-BB09-476D-A1DE-8A120420CE19}.Release|x86.ActiveCfg = Release|Any CPU
		{E8203162-BB09-476D-A1DE-8A120420CE19}.Release|x86.Build.0 = Release|Any CPU
		{26455318-B792-4434-8036-EC31A542605E}.Debug|Any CPU.ActiveCfg = Debug|x86
		{26455318-B792-4434-8036-EC31A542605E}.Debug|ARM.ActiveCfg = Debug|ARM
		{26455318-B792-4434-8036-EC31A542605E}.Debug|ARM.Build.0 = Debug|ARM
		{26455318-B792-4434-8036-EC31A542605E}.Debug|ARM.Deploy.0 = Debug|ARM
		{26455318-B792-4434-8036-EC31A542605E}.Debug|ARM64.ActiveCfg = Debug|ARM64
		{26455318-B792-4434-8036-EC31A542605E}.Debug|ARM64.Build.0 = Debug|ARM64
		{26455318-B792-4434-8036-EC31A542605E}.Debug|ARM64.Deploy.0 = Debug|ARM64
		{26455318-B792-4434-8036-EC31A542605E}.Debug|x64.ActiveCfg = Debug|x64
		{26455318-B792-4434-8036-EC31A542605E}.Debug|x64.Build.0 = Debug|x64
		{26455318-B792-4434-8036-EC31A542605E}.Debug|x64.Deploy.0 = Debug|x64
		{26455318-B792-4434-8036-EC31A542605E}.Debug|x86.ActiveCfg = Debug|x86
		{26455318-B792-4434-8036-EC31A542605E}.Debug|x86.Build.0 = Debug|x86
		{26455318-B792-4434-8036-EC31A542605E}.Debug|x86.Deploy.0 = Debug|x86
		{26455318-B792-4434-8036-EC31A542605E}.Release|Any CPU.ActiveCfg = Release|x86
		{26455318-B792-4434-8036-EC31A542605E}.Release|ARM.ActiveCfg = Release|ARM
		{26455318-B792-4434-8036-EC31A542605E}.Release|ARM.Build.0 = Release|ARM
		{26455318-B792-4434-8036-EC31A542605E}.Release|ARM.Deploy.0 = Release|ARM
		{26455318-B792-4434-8036-EC31A542605E}.Release|ARM64.ActiveCfg = Release|ARM64
		{26455318-B792-4434-8036-EC31A542605E}.Release|ARM64.Build.0 = Release|ARM64
		{26455318-B792-4434-8036-EC31A542605E}.Release|ARM64.Deploy.0 = Release|ARM64
		{26455318-B792-4434-8036-EC31A542605E}.Release|x64.ActiveCfg = Release|x64
		{26455318-B792-4434-8036-EC31A542605E}.Release|x64.Build.0 = Release|x64
		{26455318-B792-4434-8036-EC31A542605E}.Release|x64.Deploy.0 = Release|x64
		{26455318-B792-4434-8036-EC31A542605E}.Release|x86.ActiveCfg = Release|x86
		{26455318-B792-4434-8036-EC31A542605E}.Release|x86.Build.0 = Release|x86
		{26455318-B792-4434-8036-EC31A542605E}.Release|x86.Deploy.0 = Release|x86
	EndGlobalSection
	GlobalSection(SolutionProperties) = preSolution
		HideSolutionNode = FALSE
	EndGlobalSection
	GlobalSection(ExtensibilityGlobals) = postSolution
		SolutionGuid = {2C06F01E-5B6C-46BC-8BFB-25CD54883E11}
	EndGlobalSection
EndGlobal
